{
  "version": 4,
  "terraform_version": "1.0.11",
  "serial": 3,
  "lineage": "5e651912-d689-a416-3179-1c95bbb89b31",
  "outputs": {
    "bucketaclname": {
      "value": "cko-st2-bucket",
      "type": "string"
    },
    "bucketname": {
      "value": "cko-st2-bucket",
      "type": "string"
    }
  },
  "resources": [
    {
      "mode": "managed",
      "type": "aws_s3_bucket",
      "name": "ckobucket",
      "provider": "provider[\"registry.terraform.io/hashicorp/aws\"]",
      "instances": [
        {
          "schema_version": 0,
          "attributes": {
            "acceleration_status": "",
            "acl": null,
            "arn": "arn:aws:s3:::cko-st2-bucket",
            "bucket": "cko-st2-bucket",
            "bucket_domain_name": "cko-st2-bucket.s3.amazonaws.com",
            "bucket_prefix": null,
            "bucket_regional_domain_name": "cko-st2-bucket.s3.eu-west-1.amazonaws.com",
            "cors_rule": [],
            "force_destroy": false,
            "grant": [
              {
                "id": "44df554f8e37b3239cb0b809ae9cd9576799ca7f15e5646ed97b334277ed433d",
                "permissions": [
                  "FULL_CONTROL"
                ],
                "type": "CanonicalUser",
                "uri": ""
              }
            ],
            "hosted_zone_id": "Z1BKCTXD74EZPE",
            "id": "cko-st2-bucket",
            "lifecycle_rule": [],
            "logging": [],
            "object_lock_configuration": [],
            "object_lock_enabled": false,
            "policy": "",
            "region": "eu-west-1",
            "replication_configuration": [],
            "request_payer": "BucketOwner",
            "server_side_encryption_configuration": [],
            "tags": {
              "env": "dev"
            },
            "tags_all": {
              "env": "dev"
            },
            "timeouts": null,
            "versioning": [
              {
                "enabled": false,
                "mfa_delete": false
              }
            ],
            "website": [],
            "website_domain": null,
            "website_endpoint": null
          },
          "sensitive_attributes": [],
          "private": "eyJlMmJmYjczMC1lY2FhLTExZTYtOGY4OC0zNDM2M2JjN2M0YzAiOnsiY3JlYXRlIjoxMjAwMDAwMDAwMDAwLCJkZWxldGUiOjM2MDAwMDAwMDAwMDAsInJlYWQiOjEyMDAwMDAwMDAwMDAsInVwZGF0ZSI6MTIwMDAwMDAwMDAwMH19"
        }
      ]
    },
    {
      "mode": "managed",
      "type": "aws_s3_bucket_acl",
      "name": "example_bucket_acl",
      "provider": "provider[\"registry.terraform.io/hashicorp/aws\"]",
      "instances": [
        {
          "schema_version": 0,
          "attributes": {
            "access_control_policy": [
              {
                "grant": [
                  {
                    "grantee": [
                      {
                        "display_name": "A81683DIRPacpaws1712",
                        "email_address": "",
                        "id": "44df554f8e37b3239cb0b809ae9cd9576799ca7f15e5646ed97b334277ed433d",
                        "type": "CanonicalUser",
                        "uri": ""
                      }
                    ],
                    "permission": "FULL_CONTROL"
                  }
                ],
                "owner": [
                  {
                    "display_name": "A81683DIRPacpaws1712",
                    "id": "44df554f8e37b3239cb0b809ae9cd9576799ca7f15e5646ed97b334277ed433d"
                  }
                ]
              }
            ],
            "acl": "private",
            "bucket": "cko-st2-bucket",
            "expected_bucket_owner": "",
            "id": "cko-st2-bucket,private"
          },
          "sensitive_attributes": [],
          "private": "bnVsbA==",
          "dependencies": [
            "aws_s3_bucket.ckobucket"
          ]
        }
      ]
    }
  ]
}
